Microsoft Visual Studio Solution File, Format Version 12.00
# Visual Studio Version 17
VisualStudioVersion = 17.5.2.0
MinimumVisualStudioVersion = 10.0.40219.1
Project("{FAE04EC0-301F-11D3-BF4B-00C04F79EFBC}") = "Agw.A2A", "Agw.A2A\Agw.A2A.csproj", "{F58E6D9B-3077-968C-0A68-5CC72E12B73A}"
EndProject
Project("{FAE04EC0-301F-11D3-BF4B-00C04F79EFBC}") = "Agw.Agents", "Agw.Agents\Agw.Agents.csproj", "{AAD79FEE-5DC3-6019-40B9-0F49D9EBD258}"
EndProject
Project("{FAE04EC0-301F-11D3-BF4B-00C04F79EFBC}") = "Agw.Files", "Agw.Files\Agw.Files.csproj", "{5FCE9459-DE8C-3738-BC00-E19F82A5BB63}"
EndProject
Project("{FAE04EC0-301F-11D3-BF4B-00C04F79EFBC}") = "Agw.Host", "Agw.Host\Agw.Host.csproj", "{5F325828-4BE4-EB5B-7F42-86D2434A0A95}"
EndProject
Project("{FAE04EC0-301F-11D3-BF4B-00C04F79EFBC}") = "Agw.Infrastructure", "Agw.Infrastructure\Agw.Infrastructure.csproj", "{ED98D3B0-B4C7-436A-909E-A866D48B7DE0}"
EndProject
Project("{FAE04EC0-301F-11D3-BF4B-00C04F79EFBC}") = "Agw.Integrations", "Agw.Integrations\Agw.Integrations.csproj", "{B1078CA3-4F66-AAB9-7505-70B7A5083F24}"
EndProject
Project("{FAE04EC0-301F-11D3-BF4B-00C04F79EFBC}") = "Agw.Jobs", "Agw.Jobs\Agw.Jobs.csproj", "{E7D6FA45-80DA-96AE-5B4D-D0738A1D0F8E}"
EndProject
Project("{FAE04EC0-301F-11D3-BF4B-00C04F79EFBC}") = "Agw.Providers", "Agw.Providers\Agw.Providers.csproj", "{C958AD72-3C5E-2B0B-955C-9BC712D34F70}"
EndProject
Project("{FAE04EC0-301F-11D3-BF4B-00C04F79EFBC}") = "Agw.Setup", "Agw.Setup\Agw.Setup.csproj", "{C61BDB29-B534-C31C-E58A-F4840F611F6A}"
EndProject
Project("{FAE04EC0-301F-11D3-BF4B-00C04F79EFBC}") = "Agw.Shared", "Agw.Shared\Agw.Shared.csproj", "{AA911E66-202C-7411-F31D-11D7F664A9DB}"
EndProject
Project("{FAE04EC0-301F-11D3-BF4B-00C04F79EFBC}") = "Agw.Skills", "Agw.Skills\Agw.Skills.csproj", "{960D0829-0199-B7BF-3C49-CE3EB61DC2DD}"
EndProject
Project("{FAE04EC0-301F-11D3-BF4B-00C04F79EFBC}") = "Agw.Projects", "Agw.Projects\Agw.Projects.csproj", "{36C93915-D560-BF5D-2944-D7841FA7F2C8}"
EndProject
Project("{FAE04EC0-301F-11D3-BF4B-00C04F79EFBC}") = "Agw.Tools", "Agw.Tools\Agw.Tools.csproj", "{D046D41E-3D6E-31B5-EF19-3293A74A4F07}"
EndProject
Global
	GlobalSection(SolutionConfigurationPlatforms) = preSolution
		Debug|Any CPU = Debug|Any CPU
		Release|Any CPU = Release|Any CPU
	EndGlobalSection
	GlobalSection(ProjectConfigurationPlatforms) = postSolution
		{F58E6D9B-3077-968C-0A68-5CC72E12B73A}.Debug|Any CPU.ActiveCfg = Debug|Any CPU
		{F58E6D9B-3077-968C-0A68-5CC72E12B73A}.Debug|Any CPU.Build.0 = Debug|Any CPU
		{F58E6D9B-3077-968C-0A68-5CC72E12B73A}.Release|Any CPU.ActiveCfg = Release|Any CPU
		{F58E6D9B-3077-968C-0A68-5CC72E12B73A}.Release|Any CPU.Build.0 = Release|Any CPU
		{AAD79FEE-5DC3-6019-40B9-0F49D9EBD258}.Debug|Any CPU.ActiveCfg = Debug|Any CPU
		{AAD79FEE-5DC3-6019-40B9-0F49D9EBD258}.Debug|Any CPU.Build.0 = Debug|Any CPU
		{AAD79FEE-5DC3-6019-40B9-0F49D9EBD258}.Release|Any CPU.ActiveCfg = Release|Any CPU
		{AAD79FEE-5DC3-6019-40B9-0F49D9EBD258}.Release|Any CPU.Build.0 = Release|Any CPU
		{5FCE9459-DE8C-3738-BC00-E19F82A5BB63}.Debug|Any CPU.ActiveCfg = Debug|Any CPU
		{5FCE9459-DE8C-3738-BC00-E19F82A5BB63}.Debug|Any CPU.Build.0 = Debug|Any CPU
		{5FCE9459-DE8C-3738-BC00-E19F82A5BB63}.Release|Any CPU.ActiveCfg = Release|Any CPU
		{5FCE9459-DE8C-3738-BC00-E19F82A5BB63}.Release|Any CPU.Build.0 = Release|Any CPU
		{5F325828-4BE4-EB5B-7F42-86D2434A0A95}.Debug|Any CPU.ActiveCfg = Debug|Any CPU
		{5F325828-4BE4-EB5B-7F42-86D2434A0A95}.Debug|Any CPU.Build.0 = Debug|Any CPU
		{5F325828-4BE4-EB5B-7F42-86D2434A0A95}.Release|Any CPU.ActiveCfg = Release|Any CPU
		{5F325828-4BE4-EB5B-7F42-86D2434A0A95}.Release|Any CPU.Build.0 = Release|Any CPU
		{ED98D3B0-B4C7-436A-909E-A866D48B7DE0}.Debug|Any CPU.ActiveCfg = Debug|Any CPU
		{ED98D3B0-B4C7-436A-909E-A866D48B7DE0}.Debug|Any CPU.Build.0 = Debug|Any CPU
		{ED98D3B0-B4C7-436A-909E-A866D48B7DE0}.Release|Any CPU.ActiveCfg = Release|Any CPU
		{ED98D3B0-B4C7-436A-909E-A866D48B7DE0}.Release|Any CPU.Build.0 = Release|Any CPU
		{B1078CA3-4F66-AAB9-7505-70B7A5083F24}.Debug|Any CPU.ActiveCfg = Debug|Any CPU
		{B1078CA3-4F66-AAB9-7505-70B7A5083F24}.Debug|Any CPU.Build.0 = Debug|Any CPU
		{B1078CA3-4F66-AAB9-7505-70B7A5083F24}.Release|Any CPU.ActiveCfg = Release|Any CPU
		{B1078CA3-4F66-AAB9-7505-70B7A5083F24}.Release|Any CPU.Build.0 = Release|Any CPU
		{E7D6FA45-80DA-96AE-5B4D-D0738A1D0F8E}.Debug|Any CPU.ActiveCfg = Debug|Any CPU
		{E7D6FA45-80DA-96AE-5B4D-D0738A1D0F8E}.Debug|Any CPU.Build.0 = Debug|Any CPU
		{E7D6FA45-80DA-96AE-5B4D-D0738A1D0F8E}.Release|Any CPU.ActiveCfg = Release|Any CPU
		{E7D6FA45-80DA-96AE-5B4D-D0738A1D0F8E}.Release|Any CPU.Build.0 = Release|Any CPU
		{C958AD72-3C5E-2B0B-955C-9BC712D34F70}.Debug|Any CPU.ActiveCfg = Debug|Any CPU
		{C958AD72-3C5E-2B0B-955C-9BC712D34F70}.Debug|Any CPU.Build.0 = Debug|Any CPU
		{C958AD72-3C5E-2B0B-955C-9BC712D34F70}.Release|Any CPU.ActiveCfg = Release|Any CPU
		{C958AD72-3C5E-2B0B-955C-9BC712D34F70}.Release|Any CPU.Build.0 = Release|Any CPU
		{C61BDB29-B534-C31C-E58A-F4840F611F6A}.Debug|Any CPU.ActiveCfg = Debug|Any CPU
		{C61BDB29-B534-C31C-E58A-F4840F611F6A}.Debug|Any CPU.Build.0 = Debug|Any CPU
		{C61BDB29-B534-C31C-E58A-F4840F611F6A}.Release|Any CPU.ActiveCfg = Release|Any CPU
		{C61BDB29-B534-C31C-E58A-F4840F611F6A}.Release|Any CPU.Build.0 = Release|Any CPU
		{AA911E66-202C-7411-F31D-11D7F664A9DB}.Debug|Any CPU.ActiveCfg = Debug|Any CPU
		{AA911E66-202C-7411-F31D-11D7F664A9DB}.Debug|Any CPU.Build.0 = Debug|Any CPU
		{AA911E66-202C-7411-F31D-11D7F664A9DB}.Release|Any CPU.ActiveCfg = Release|Any CPU
		{AA911E66-202C-7411-F31D-11D7F664A9DB}.Release|Any CPU.Build.0 = Release|Any CPU
		{960D0829-0199-B7BF-3C49-CE3EB61DC2DD}.Debug|Any CPU.ActiveCfg = Debug|Any CPU
		{960D0829-0199-B7BF-3C49-CE3EB61DC2DD}.Debug|Any CPU.Build.0 = Debug|Any CPU
		{960D0829-0199-B7BF-3C49-CE3EB61DC2DD}.Release|Any CPU.ActiveCfg = Release|Any CPU
		{960D0829-0199-B7BF-3C49-CE3EB61DC2DD}.Release|Any CPU.Build.0 = Release|Any CPU
		{36C93915-D560-BF5D-2944-D7841FA7F2C8}.Debug|Any CPU.ActiveCfg = Debug|Any CPU
		{36C93915-D560-BF5D-2944-D7841FA7F2C8}.Debug|Any CPU.Build.0 = Debug|Any CPU
		{36C93915-D560-BF5D-2944-D7841FA7F2C8}.Release|Any CPU.ActiveCfg = Release|Any CPU
		{36C93915-D560-BF5D-2944-D7841FA7F2C8}.Release|Any CPU.Build.0 = Release|Any CPU
		{D046D41E-3D6E-31B5-EF19-3293A74A4F07}.Debug|Any CPU.ActiveCfg = Debug|Any CPU
		{D046D41E-3D6E-31B5-EF19-3293A74A4F07}.Debug|Any CPU.Build.0 = Debug|Any CPU
		{D046D41E-3D6E-31B5-EF19-3293A74A4F07}.Release|Any CPU.ActiveCfg = Release|Any CPU
		{D046D41E-3D6E-31B5-EF19-3293A74A4F07}.Release|Any CPU.Build.0 = Release|Any CPU
	EndGlobalSection
	GlobalSection(SolutionProperties) = preSolution
		HideSolutionNode = FALSE
	EndGlobalSection
	GlobalSection(ExtensibilityGlobals) = postSolution
		SolutionGuid = {3B6C5EF6-7E20-430F-8E59-7C7D39F855CB}
	EndGlobalSection
EndGlobal
