<Solution>
  <Folder Name="/0.Solution Items/">
    <File Path=".csharpierrc" />
    <File Path=".editorconfig" />
    <File Path=".gitignore" />
    <File Path="CLAUDE.md" />
    <File Path="CONTEXT.md" />
    <File Path="Dockerfile" />
    <File Path="format.sh" />
    <File Path="publish.sh" />
    <File Path="README.md" />
    <File Path="README.zh-CN.md" />
    <File Path="src/server/Directory.Build.props" />
    <File Path="src/server/Directory.Packages.props" />
  </Folder>
  <Folder Name="/1.Host/">
    <Project Path="src/server/Agw.ControlPlane.Host/Agw.ControlPlane.Host.csproj" />
    <Project Path="src/server/Agw.DataPlane.Host/Agw.DataPlane.Host.csproj" />
    <Project Path="src/server/Agw.Host/Agw.Host.csproj" />
    <Project Path="src/server/Agw.Standalone.Host/Agw.Standalone.Host.csproj" />
  </Folder>
  <Folder Name="/2.Api/">
    <Project Path="src/server/Agw.A2A/Agw.A2A.csproj" Id="82aa4560-620a-47a2-848c-f05093bc7251" />
  </Folder>
  <Folder Name="/3.Infrastructure/">
    <Project Path="src/server/Agw.Infrastructure/Agw.Infrastructure.csproj" />
  </Folder>
  <Folder Name="/3.Infrastructure/Migrations/">
    <Project Path="src/server/Agw.Migrations.Postgres/Agw.Migrations.Postgres.csproj" />
    <Project Path="src/server/Agw.Migrations.Sqlite/Agw.Migrations.Sqlite.csproj" />
  </Folder>
  <Folder Name="/4.Modules/">
    <Project Path="src/server/Agw.Agents/Agw.Agents.csproj" />
    <Project Path="src/server/Agw.Files/Agw.Files.csproj" />
    <Project Path="src/server/Agw.Jobs/Agw.Jobs.csproj" />
    <Project Path="src/server/Agw.Providers/Agw.Providers.csproj" />
    <Project Path="src/server/Agw.Projects/Agw.Projects.csproj" />
  </Folder>
  <Folder Name="/4.Modules/Agent.Capability/">
    <Project Path="src/server/Agw.Integrations/Agw.Integrations.csproj" />
    <Project Path="src/server/Agw.Skills/Agw.Skills.csproj" />
    <Project Path="src/server/Agw.Tools/Agw.Tools.csproj" Id="ba592b35-3c77-47d7-b977-396f0fa9acba" />
  </Folder>
  <Folder Name="/5.Shared/">
    <Project Path="src/server/Agw.Data/Agw.Data.csproj" />
    <Project Path="src/server/Agw.Shared/Agw.Shared.csproj" />
  </Folder>
  <Folder Name="/Support/">
    <Project Path="src/server/Agw.Auth/Agw.Auth.csproj" />
    <Project Path="src/server/Agw.Setup/Agw.Setup.csproj" />
  </Folder>
  <Folder Name="/Tests/">
    <File Path="tests/Directory.Build.props" />
    <File Path="tests/Directory.Packages.props" />
    <Project Path="tests/Agw.A2A.Tests/Agw.A2A.Tests.csproj" />
    <Project Path="tests/Agw.Agents.Tests/Agw.Agents.Tests.csproj" />
    <Project Path="tests/Agw.Auth.Tests/Agw.Auth.Tests.csproj" />
    <Project Path="tests/Agw.Files.Tests/Agw.Files.Tests.csproj" />
    <Project Path="tests/Agw.Host.Tests/Agw.Host.Tests.csproj" />
    <Project Path="tests/Agw.Integrations.Tests/Agw.Integrations.Tests.csproj" />
    <Project Path="tests/Agw.Jobs.Tests/Agw.Jobs.Tests.csproj" />
    <Project Path="tests/Agw.Shared.Tests/Agw.Shared.Tests.csproj" />
    <Project Path="tests/Agw.Setup.Tests/Agw.Setup.Tests.csproj" />
    <Project Path="tests/Agw.Skills.Tests/Agw.Skills.Tests.csproj" />
    <Project Path="tests/Agw.Projects.Tests/Agw.Projects.Tests.csproj" />
    <Project Path="tests/Agw.Tools.Tests/Agw.Tools.Tests.csproj" />
  </Folder>
</Solution>
